github.com/adityatelange/hugo-PaperMod v0.0.0-20240915081152-a2eb47bb4b80 h1:IfLPokx2zpHroEDwNUXsXTxiG93dg/nc86djmWXS4SM=
github.com/adityatelange/hugo-PaperMod v0.0.0-20240915081152-a2eb47bb4b80/go.mod h1:HCHxNMKYdGafUYjVV3ICiAqznZK2yH0iI53jqcDFDdQ=
github.com/spf13/hyde v1.2.0 h1:0K3MMoLseeO1VIpNe3LIwNUrCcLx6y7iAL09/W5umWc=
github.com/spf13/hyde v1.2.0/go.mod h1:CSmLWCbXXInaA5zAkwAQ0EbwpR7Pe74eSmDxdGspoCY=
github.com/yursan9/manis-hugo-theme v0.0.0-20230228032349-9e8e09ebfc78 h1:B+XsR6USS7aYoggV+8of9Uwv3bS1QsjHGgzLS6clNAI=
github.com/yursan9/manis-hugo-theme v0.0.0-20230228032349-9e8e09ebfc78/go.mod h1:tRnEMyqlbKgYsm7KWlT63+7I0cJVpEV6p9bMt4sQ160=
